Microsoft Visual Studio Solution File, Format Version 12.00
# Visual Studio 2013
VisualStudioVersion = 12.0.40629.0
MinimumVisualStudioVersion = 10.0.40219.1
Project("{2150E333-8FDC-42A3-9474-1A3956D46DE8}") = "Solution Items", "Solution Items", "{CDB0F319-E426-4A11-B04D-0F0B006AF65D}"
	ProjectSection(SolutionItems) = preProject
		APDS.vsmdi = APDS.vsmdi
	EndProjectSection
EndProject
Project("{2150E333-8FDC-42A3-9474-1A3956D46DE8}") = "Binaries", "Binaries", "{F7B0EB90-1F7A-46E2-A782-0CF4CAB76137}"
	ProjectSection(SolutionItems) = preProject
		Binaries\Westwind.Utilities.dll = Binaries\Westwind.Utilities.dll
	EndProjectSection
EndProject
Project("{FAE04EC0-301F-11D3-BF4B-00C04F79EFBC}") = "CSAAWeb", "CODE\CSAAWeb\CSAAWeb.csproj", "{7B04FDB9-6D6C-4E77-834F-ACF329747458}"
EndProject
Project("{FAE04EC0-301F-11D3-BF4B-00C04F79EFBC}") = "AuthenticationClasses", "CODE\AuthenticationClasses\AuthenticationClasses.csproj", "{AAFA3961-F5A4-4A6F-AD7E-17365037373E}"
EndProject
Project("{FAE04EC0-301F-11D3-BF4B-00C04F79EFBC}") = "MSCRCore", "CODE\MSCRCore\MSCRCore.csproj", "{FF21DD44-F210-438B-85B1-BC4BAD66A945}"
EndProject
Project("{FAE04EC0-301F-11D3-BF4B-00C04F79EFBC}") = "OrderClassesII", "CODE\OrderClassesII\OrderClassesII.csproj", "{04D7A002-8C64-422D-BCD9-B6FB80A7A908}"
EndProject
Project("{FAE04EC0-301F-11D3-BF4B-00C04F79EFBC}") = "PaymentClasses", "CODE\PaymentClasses\PaymentClasses.csproj", "{5CD8A6D1-19AF-4E63-A9D9-04A43BD44796}"
EndProject
Project("{FAE04EC0-301F-11D3-BF4B-00C04F79EFBC}") = "PaymentService", "CODE\PaymentService\PaymentService.csproj", "{2CD04B62-4649-47AF-A008-131230177D57}"
EndProject
Project("{FAE04EC0-301F-11D3-BF4B-00C04F79EFBC}") = "CSAAActors", "CODE\Actors\CSAAActors.csproj", "{1F1B8C9B-E177-4CE6-877E-762893CF125B}"
EndProject
Project("{FAE04EC0-301F-11D3-BF4B-00C04F79EFBC}") = "MSC", "WEB\MSC\MSC.csproj", "{EA7921B4-9BEA-42C3-A8B2-B4E2DD71ED36}"
EndProject
Project("{FAE04EC0-301F-11D3-BF4B-00C04F79EFBC}") = "MSCR", "WEB\mscr\MSCR.csproj", "{00AFEB68-AA55-44B8-822A-39C0EF552D00}"
EndProject
Project("{FAE04EC0-301F-11D3-BF4B-00C04F79EFBC}") = "Services", "WEB\services\Services.csproj", "{FC3E59AD-1CEE-4294-8B7A-8D1449F2BE72}"
EndProject
Project("{FAE04EC0-301F-11D3-BF4B-00C04F79EFBC}") = "ssc", "WEB\ssc\ssc.csproj", "{514A032C-BDD5-471B-921D-9632F576FCEA}"
EndProject
Project("{FAE04EC0-301F-11D3-BF4B-00C04F79EFBC}") = "PC_PaymentService", "PC_PaymentService\PC_PaymentService.csproj", "{16FF8C1A-B695-4EA1-ABF9-70F02D530BE2}"
EndProject
Project("{E24C65DC-7377-472B-9ABA-BC803B73C61A}") = "images", "http://localhost:60296", "{5139D3A7-BB7C-4F3D-94EF-EA9869DDE7C5}"
	ProjectSection(WebsiteProperties) = preProject
		UseIISExpress = "true"
		TargetFrameworkMoniker = ".NETFramework,Version%3Dv3.5"
		Debug.AspNetCompiler.VirtualPath = "/localhost_60296"
		Debug.AspNetCompiler.PhysicalPath = "WEB\images\"
		Debug.AspNetCompiler.TargetPath = "PrecompiledWeb\localhost_60296\"
		Debug.AspNetCompiler.Updateable = "true"
		Debug.AspNetCompiler.ForceOverwrite = "true"
		Debug.AspNetCompiler.FixedNames = "false"
		Debug.AspNetCompiler.Debug = "True"
		Release.AspNetCompiler.VirtualPath = "/localhost_60296"
		Release.AspNetCompiler.PhysicalPath = "WEB\images\"
		Release.AspNetCompiler.TargetPath = "PrecompiledWeb\localhost_60296\"
		Release.AspNetCompiler.Updateable = "true"
		Release.AspNetCompiler.ForceOverwrite = "true"
		Release.AspNetCompiler.FixedNames = "false"
		Release.AspNetCompiler.Debug = "False"
		SlnRelativePath = "WEB\images\"
	EndProjectSection
EndProject
Global
	GlobalSection(SolutionConfigurationPlatforms) = preSolution
		Debug|Any CPU = Debug|Any CPU
		Release|Any CPU = Release|Any CPU
	EndGlobalSection
	GlobalSection(ProjectConfigurationPlatforms) = postSolution
		{7B04FDB9-6D6C-4E77-834F-ACF329747458}.Debug|Any CPU.ActiveCfg = Debug|Any CPU
		{7B04FDB9-6D6C-4E77-834F-ACF329747458}.Debug|Any CPU.Build.0 = Debug|Any CPU
		{7B04FDB9-6D6C-4E77-834F-ACF329747458}.Release|Any CPU.ActiveCfg = Release|Any CPU
		{7B04FDB9-6D6C-4E77-834F-ACF329747458}.Release|Any CPU.Build.0 = Release|Any CPU
		{AAFA3961-F5A4-4A6F-AD7E-17365037373E}.Debug|Any CPU.ActiveCfg = Debug|Any CPU
		{AAFA3961-F5A4-4A6F-AD7E-17365037373E}.Debug|Any CPU.Build.0 = Debug|Any CPU
		{AAFA3961-F5A4-4A6F-AD7E-17365037373E}.Release|Any CPU.ActiveCfg = Release|Any CPU
		{AAFA3961-F5A4-4A6F-AD7E-17365037373E}.Release|Any CPU.Build.0 = Release|Any CPU
		{FF21DD44-F210-438B-85B1-BC4BAD66A945}.Debug|Any CPU.ActiveCfg = Debug|Any CPU
		{FF21DD44-F210-438B-85B1-BC4BAD66A945}.Debug|Any CPU.Build.0 = Debug|Any CPU
		{FF21DD44-F210-438B-85B1-BC4BAD66A945}.Release|Any CPU.ActiveCfg = Release|Any CPU
		{FF21DD44-F210-438B-85B1-BC4BAD66A945}.Release|Any CPU.Build.0 = Release|Any CPU
		{04D7A002-8C64-422D-BCD9-B6FB80A7A908}.Debug|Any CPU.ActiveCfg = Debug|Any CPU
		{04D7A002-8C64-422D-BCD9-B6FB80A7A908}.Debug|Any CPU.Build.0 = Debug|Any CPU
		{04D7A002-8C64-422D-BCD9-B6FB80A7A908}.Release|Any CPU.ActiveCfg = Release|Any CPU
		{04D7A002-8C64-422D-BCD9-B6FB80A7A908}.Release|Any CPU.Build.0 = Release|Any CPU
		{5CD8A6D1-19AF-4E63-A9D9-04A43BD44796}.Debug|Any CPU.ActiveCfg = Debug|Any CPU
		{5CD8A6D1-19AF-4E63-A9D9-04A43BD44796}.Debug|Any CPU.Build.0 = Debug|Any CPU
		{5CD8A6D1-19AF-4E63-A9D9-04A43BD44796}.Release|Any CPU.ActiveCfg = Release|Any CPU
		{5CD8A6D1-19AF-4E63-A9D9-04A43BD44796}.Release|Any CPU.Build.0 = Release|Any CPU
		{2CD04B62-4649-47AF-A008-131230177D57}.Debug|Any CPU.ActiveCfg = Debug|Any CPU
		{2CD04B62-4649-47AF-A008-131230177D57}.Debug|Any CPU.Build.0 = Debug|Any CPU
		{2CD04B62-4649-47AF-A008-131230177D57}.Release|Any CPU.ActiveCfg = Release|Any CPU
		{2CD04B62-4649-47AF-A008-131230177D57}.Release|Any CPU.Build.0 = Release|Any CPU
		{1F1B8C9B-E177-4CE6-877E-762893CF125B}.Debug|Any CPU.ActiveCfg = Debug|Any CPU
		{1F1B8C9B-E177-4CE6-877E-762893CF125B}.Debug|Any CPU.Build.0 = Debug|Any CPU
		{1F1B8C9B-E177-4CE6-877E-762893CF125B}.Release|Any CPU.ActiveCfg = Release|Any CPU
		{1F1B8C9B-E177-4CE6-877E-762893CF125B}.Release|Any CPU.Build.0 = Release|Any CPU
		{EA7921B4-9BEA-42C3-A8B2-B4E2DD71ED36}.Debug|Any CPU.ActiveCfg = Debug|Any CPU
		{EA7921B4-9BEA-42C3-A8B2-B4E2DD71ED36}.Debug|Any CPU.Build.0 = Debug|Any CPU
		{EA7921B4-9BEA-42C3-A8B2-B4E2DD71ED36}.Release|Any CPU.ActiveCfg = Release|Any CPU
		{EA7921B4-9BEA-42C3-A8B2-B4E2DD71ED36}.Release|Any CPU.Build.0 = Release|Any CPU
		{00AFEB68-AA55-44B8-822A-39C0EF552D00}.Debug|Any CPU.ActiveCfg = Debug|Any CPU
		{00AFEB68-AA55-44B8-822A-39C0EF552D00}.Debug|Any CPU.Build.0 = Debug|Any CPU
		{00AFEB68-AA55-44B8-822A-39C0EF552D00}.Release|Any CPU.ActiveCfg = Release|Any CPU
		{00AFEB68-AA55-44B8-822A-39C0EF552D00}.Release|Any CPU.Build.0 = Release|Any CPU
		{FC3E59AD-1CEE-4294-8B7A-8D1449F2BE72}.Debug|Any CPU.ActiveCfg = Debug|Any CPU
		{FC3E59AD-1CEE-4294-8B7A-8D1449F2BE72}.Debug|Any CPU.Build.0 = Debug|Any CPU
		{FC3E59AD-1CEE-4294-8B7A-8D1449F2BE72}.Release|Any CPU.ActiveCfg = Release|Any CPU
		{FC3E59AD-1CEE-4294-8B7A-8D1449F2BE72}.Release|Any CPU.Build.0 = Release|Any CPU
		{514A032C-BDD5-471B-921D-9632F576FCEA}.Debug|Any CPU.ActiveCfg = Debug|Any CPU
		{514A032C-BDD5-471B-921D-9632F576FCEA}.Debug|Any CPU.Build.0 = Debug|Any CPU
		{514A032C-BDD5-471B-921D-9632F576FCEA}.Release|Any CPU.ActiveCfg = Release|Any CPU
		{514A032C-BDD5-471B-921D-9632F576FCEA}.Release|Any CPU.Build.0 = Release|Any CPU
		{16FF8C1A-B695-4EA1-ABF9-70F02D530BE2}.Debug|Any CPU.ActiveCfg = Debug|Any CPU
		{16FF8C1A-B695-4EA1-ABF9-70F02D530BE2}.Debug|Any CPU.Build.0 = Debug|Any CPU
		{16FF8C1A-B695-4EA1-ABF9-70F02D530BE2}.Release|Any CPU.ActiveCfg = Release|Any CPU
		{16FF8C1A-B695-4EA1-ABF9-70F02D530BE2}.Release|Any CPU.Build.0 = Release|Any CPU
		{5139D3A7-BB7C-4F3D-94EF-EA9869DDE7C5}.Debug|Any CPU.ActiveCfg = Debug|Any CPU
		{5139D3A7-BB7C-4F3D-94EF-EA9869DDE7C5}.Debug|Any CPU.Build.0 = Debug|Any CPU
		{5139D3A7-BB7C-4F3D-94EF-EA9869DDE7C5}.Release|Any CPU.ActiveCfg = Debug|Any CPU
		{5139D3A7-BB7C-4F3D-94EF-EA9869DDE7C5}.Release|Any CPU.Build.0 = Debug|Any CPU
	EndGlobalSection
	GlobalSection(SolutionProperties) = preSolution
		HideSolutionNode = FALSE
	EndGlobalSection
EndGlobal
